
Microsoft Visual Studio Solution File, Format Version 12.00
# Visual Studio Version 17
VisualStudioVersion = 17.0.31903.59
MinimumVisualStudioVersion = 10.0.40219.1
Project("{FAE04EC0-301F-11D3-BF4B-00C04F79EFBC}") = "FetchFiles", "FetchFiles\FetchFiles.csproj", "{2F946E4F-F8B2-4B1E-91F4-F415F82D8414}"
EndProject
Project("{FAE04EC0-301F-11D3-BF4B-00C04F79EFBC}") = "FetchFiles.Common", "FetchFiles.Common\FetchFiles.Common.csproj", "{CBED8320-EF50-40D1-8B18-349A57305F2B}"
EndProject
Global
	GlobalSection(SolutionConfigurationPlatforms) = preSolution
		Debug|Any CPU = Debug|Any CPU
		Release|Any CPU = Release|Any CPU
	EndGlobalSection
	GlobalSection(SolutionProperties) = preSolution
		HideSolutionNode = FALSE
	EndGlobalSection
	GlobalSection(ProjectConfigurationPlatforms) = postSolution
		{2F946E4F-F8B2-4B1E-91F4-F415F82D8414}.Debug|Any CPU.ActiveCfg = Debug|Any CPU
		{2F946E4F-F8B2-4B1E-91F4-F415F82D8414}.Debug|Any CPU.Build.0 = Debug|Any CPU
		{2F946E4F-F8B2-4B1E-91F4-F415F82D8414}.Release|Any CPU.ActiveCfg = Release|Any CPU
		{2F946E4F-F8B2-4B1E-91F4-F415F82D8414}.Release|Any CPU.Build.0 = Release|Any CPU
		{CBED8320-EF50-40D1-8B18-349A57305F2B}.Debug|Any CPU.ActiveCfg = Debug|Any CPU
		{CBED8320-EF50-40D1-8B18-349A57305F2B}.Debug|Any CPU.Build.0 = Debug|Any CPU
		{CBED8320-EF50-40D1-8B18-349A57305F2B}.Release|Any CPU.ActiveCfg = Release|Any CPU
		{CBED8320-EF50-40D1-8B18-349A57305F2B}.Release|Any CPU.Build.0 = Release|Any CPU
	EndGlobalSection
EndGlobal
